{
  "name": "epinio-ui-backend",
  "version": "0.7.1",
  "lockfileVersion": 2,
  "requires": true,
  "packages": {
    "": {
      "name": "epinio-ui-backend",
      "version": "0.7.1",
      "hasInstallScript": true,
      "license": "Apache-2.0",
      "engines": {
        "node": "16.13.1"
      }
    }
  }
}
